<?xml version="1.0" encoding="utf-8"?>
<Project ToolsVersion="4.0" xmlns="http://schemas.microsoft.com/developer/msbuild/2003">
  <ItemGroup>
    <Filter Include="Source Files">
      <UniqueIdentifier>{4FC737F1-C7A5-4376-A066-2A32D752A2FF}</UniqueIdentifier>
      <Extensions>cpp;c;cc;cxx;def;odl;idl;hpj;bat;asm;asmx</Extensions>
    </Filter>
    <Filter Include="Header Files">
      <UniqueIdentifier>{93995380-89BD-4b04-88EB-625FBE52EBFB}</UniqueIdentifier>
      <Extensions>h;hh;hpp;hxx;hm;inl;inc;xsd</Extensions>
    </Filter>
    <Filter Include="Shaders">
      <UniqueIdentifier>{f9e8d06b-dd7b-438c-8366-5dabd553fb21}</UniqueIdentifier>
    </Filter>
    <Filter Include="Header Files\Resources">
      <UniqueIdentifier>{cdae9497-3a8d-4524-a1ca-085184abb876}</UniqueIdentifier>
    </Filter>
    <Filter Include="Source Files\Resources">
      <UniqueIdentifier>{d2a0ccac-9d29-4f8b-8328-2087d5186bef}</UniqueIdentifier>
    </Filter>
    <Filter Include="Header Files\GameObjects">
      <UniqueIdentifier>{5f5a1050-828f-4034-80d2-72476d6a066d}</UniqueIdentifier>
    </Filter>
    <Filter Include="Header Files\Components">
      <UniqueIdentifier>{76f33d76-e569-4da6-9ee4-bcf0fa8eb2d3}</UniqueIdentifier>
    </Filter>
    <Filter Include="Header Files\Managers">
      <UniqueIdentifier>{01bb2277-febf-4bd5-8f0f-915282dc26cc}</UniqueIdentifier>
    </Filter>
    <Filter Include="Source Files\GameObjects">
      <UniqueIdentifier>{d93871e6-2efd-4d0e-ba26-16991df0d86b}</UniqueIdentifier>
    </Filter>
    <Filter Include="Source Files\Components">
      <UniqueIdentifier>{c5082a99-eeda-48e6-90d4-80349eb384c3}</UniqueIdentifier>
    </Filter>
    <Filter Include="Source Files\Managers">
      <UniqueIdentifier>{46178f29-73c2-4227-aaaa-caf5230dc30b}</UniqueIdentifier>
    </Filter>
    <Filter Include="Header Files\Data Structures">
      <UniqueIdentifier>{fdca9061-9c1e-4a56-96a3-db60e04256df}</UniqueIdentifier>
    </Filter>
    <Filter Include="Source Files\Data Structures">
      <UniqueIdentifier>{1b2ef0d0-4057-49fb-ba85-e50b904f30a8}</UniqueIdentifier>
    </Filter>
    <Filter Include="Header Files\Game Code">
      <UniqueIdentifier>{bf0159b3-b1c4-4542-8ada-04019269ad14}</UniqueIdentifier>
    </Filter>
    <Filter Include="Source Files\Game Code">
      <UniqueIdentifier>{09964b99-6688-48f1-8b74-82fb43981800}</UniqueIdentifier>
    </Filter>
    <Filter Include="Shaders\Shader Helpers">
      <UniqueIdentifier>{5e0fa5a3-c74e-4bb8-a303-e1f7b197a02e}</UniqueIdentifier>
    </Filter>
    <Filter Include="imgui">
      <UniqueIdentifier>{6669d4fb-147e-4476-b217-7c181d969dd8}</UniqueIdentifier>
    </Filter>
    <Filter Include="Shaders\Particles">
      <UniqueIdentifier>{64edb68c-ce48-4aea-8e76-4a180606588d}</UniqueIdentifier>
    </Filter>
  </ItemGroup>
  <ItemGroup>
    <ClCompile Include="DXCore.cpp">
      <Filter>Source Files</Filter>
    </ClCompile>
    <ClCompile Include="Game.cpp">
      <Filter>Source Files</Filter>
    </ClCompile>
    <ClCompile Include="Main.cpp">
      <Filter>Source Files</Filter>
    </ClCompile>
    <ClCompile Include="SimpleShader.cpp">
      <Filter>Source Files</Filter>
    </ClCompile>
    <ClCompile Include="Mesh.cpp">
      <Filter>Source Files\Resources</Filter>
    </ClCompile>
    <ClCompile Include="GameObject.cpp">
      <Filter>Source Files\GameObjects</Filter>
    </ClCompile>
    <ClCompile Include="MeshRenderer.cpp">
      <Filter>Source Files\Components</Filter>
    </ClCompile>
    <ClCompile Include="Camera.cpp">
      <Filter>Source Files\GameObjects</Filter>
    </ClCompile>
    <ClCompile Include="Basis.cpp">
      <Filter>Source Files\Data Structures</Filter>
    </ClCompile>
    <ClCompile Include="Transform.cpp">
      <Filter>Source Files\Data Structures</Filter>
    </ClCompile>
    <ClCompile Include="InputListener.cpp">
      <Filter>Source Files\Components</Filter>
    </ClCompile>
    <ClCompile Include="InputManager.cpp">
      <Filter>Source Files\Managers</Filter>
    </ClCompile>
    <ClCompile Include="ResourceManager.cpp">
      <Filter>Source Files\Managers</Filter>
    </ClCompile>
    <ClCompile Include="Material.cpp">
      <Filter>Source Files\Resources</Filter>
    </ClCompile>
    <ClCompile Include="FlyingCamera.cpp">
      <Filter>Source Files\Game Code</Filter>
    </ClCompile>
    <ClCompile Include="RenderManager.cpp">
      <Filter>Source Files\Managers</Filter>
    </ClCompile>
    <ClCompile Include="LightManager.cpp">
      <Filter>Source Files\Managers</Filter>
    </ClCompile>
    <ClCompile Include="PointLight.cpp">
      <Filter>Source Files\Components</Filter>
    </ClCompile>
    <ClCompile Include="DirLight.cpp">
      <Filter>Source Files\Components</Filter>
    </ClCompile>
    <ClCompile Include="Texture.cpp">
      <Filter>Source Files\Resources</Filter>
    </ClCompile>
    <ClCompile Include="Scene.cpp">
      <Filter>Source Files\GameObjects</Filter>
    </ClCompile>
    <ClCompile Include="DebugScene.cpp">
      <Filter>Source Files\Game Code</Filter>
    </ClCompile>
    <ClCompile Include="RigidBody.cpp">
      <Filter>Source Files\Components</Filter>
    </ClCompile>
    <ClCompile Include="PhysicsManager.cpp">
      <Filter>Source Files\Managers</Filter>
    </ClCompile>
    <ClCompile Include="Collisions.cpp">
      <Filter>Source Files</Filter>
    </ClCompile>
    <ClCompile Include="PBRDemoScene.cpp">
      <Filter>Source Files\Game Code</Filter>
    </ClCompile>
    <ClCompile Include="PBRMaterial.cpp">
      <Filter>Source Files\Resources</Filter>
    </ClCompile>
    <ClCompile Include="MeshGen.cpp">
      <Filter>Source Files\Resources</Filter>
    </ClCompile>
    <ClCompile Include="ComponentManager.cpp">
      <Filter>Source Files\Managers</Filter>
    </ClCompile>
    <ClCompile Include="FamilyTypeID.cpp">
      <Filter>Source Files</Filter>
    </ClCompile>
    <ClCompile Include="SpotLight.cpp">
      <Filter>Source Files\Components</Filter>
    </ClCompile>
    <ClCompile Include="..\additional\imgui\imgui\imgui.cpp">
      <Filter>imgui</Filter>
    </ClCompile>
    <ClCompile Include="..\additional\imgui\imgui\imgui_demo.cpp">
      <Filter>imgui</Filter>
    </ClCompile>
    <ClCompile Include="..\additional\imgui\imgui\imgui_draw.cpp">
      <Filter>imgui</Filter>
    </ClCompile>
    <ClCompile Include="..\additional\imgui\imgui\imgui_impl_dx11.cpp">
      <Filter>imgui</Filter>
    </ClCompile>
    <ClCompile Include="..\additional\imgui\imgui\imgui_impl_win32.cpp">
      <Filter>imgui</Filter>
    </ClCompile>
    <ClCompile Include="..\additional\imgui\imgui\imgui_widgets.cpp">
      <Filter>imgui</Filter>
    </ClCompile>
    <ClCompile Include="ParticleEmitter.cpp">
      <Filter>Source Files\Components</Filter>
    </ClCompile>
    <ClCompile Include="ParticleManager.cpp">
      <Filter>Source Files\Managers</Filter>
    </ClCompile>
    <ClCompile Include="stdafx.cpp">
      <Filter>Source Files</Filter>
    </ClCompile>
  </ItemGroup>
  <ItemGroup>
    <ClInclude Include="DXCore.h">
      <Filter>Header Files</Filter>
    </ClInclude>
    <ClInclude Include="Game.h">
      <Filter>Header Files</Filter>
    </ClInclude>
    <ClInclude Include="SimpleShader.h">
      <Filter>Header Files</Filter>
    </ClInclude>
    <ClInclude Include="Mesh.h">
      <Filter>Header Files\Resources</Filter>
    </ClInclude>
    <ClInclude Include="GameObject.h">
      <Filter>Header Files\GameObjects</Filter>
    </ClInclude>
    <ClInclude Include="MeshRenderer.h">
      <Filter>Header Files\Components</Filter>
    </ClInclude>
    <ClInclude Include="GameObjectTypes.h">
      <Filter>Header Files\GameObjects</Filter>
    </ClInclude>
    <ClInclude Include="Camera.h">
      <Filter>Header Files\GameObjects</Filter>
    </ClInclude>
    <ClInclude Include="Basis.h">
      <Filter>Header Files\Data Structures</Filter>
    </ClInclude>
    <ClInclude Include="Transform.h">
      <Filter>Header Files\Data Structures</Filter>
    </ClInclude>
    <ClInclude Include="Vertex.h">
      <Filter>Header Files\Data Structures</Filter>
    </ClInclude>
    <ClInclude Include="InputListener.h">
      <Filter>Header Files\Components</Filter>
    </ClInclude>
    <ClInclude Include="InputEvent.h">
      <Filter>Header Files\Data Structures</Filter>
    </ClInclude>
    <ClInclude Include="InputManager.h">
      <Filter>Header Files\Managers</Filter>
    </ClInclude>
    <ClInclude Include="Keybinds.h">
      <Filter>Header Files</Filter>
    </ClInclude>
    <ClInclude Include="ResourceManager.h">
      <Filter>Header Files\Managers</Filter>
    </ClInclude>
    <ClInclude Include="Material.h">
      <Filter>Header Files\Resources</Filter>
    </ClInclude>
    <ClInclude Include="FlyingCamera.h">
      <Filter>Header Files\Game Code</Filter>
    </ClInclude>
    <ClInclude Include="RenderManager.h">
      <Filter>Header Files\Managers</Filter>
    </ClInclude>
    <ClInclude Include="LightManager.h">
      <Filter>Header Files\Managers</Filter>
    </ClInclude>
    <ClInclude Include="LightStructs.h">
      <Filter>Header Files\GameObjects</Filter>
    </ClInclude>
    <ClInclude Include="PointLight.h">
      <Filter>Header Files\Components</Filter>
    </ClInclude>
    <ClInclude Include="DirLight.h">
      <Filter>Header Files\Components</Filter>
    </ClInclude>
    <ClInclude Include="Texture.h">
      <Filter>Header Files\Resources</Filter>
    </ClInclude>
    <ClInclude Include="Scene.h">
      <Filter>Header Files\GameObjects</Filter>
    </ClInclude>
    <ClInclude Include="DebugScene.h">
      <Filter>Header Files\Game Code</Filter>
    </ClInclude>
    <ClInclude Include="RigidBody.h">
      <Filter>Header Files\Components</Filter>
    </ClInclude>
    <ClInclude Include="PhysicsManager.h">
      <Filter>Header Files\Managers</Filter>
    </ClInclude>
    <ClInclude Include="Collisions.h">
      <Filter>Header Files</Filter>
    </ClInclude>
    <ClInclude Include="PBRDemoScene.h">
      <Filter>Header Files\Game Code</Filter>
    </ClInclude>
    <ClInclude Include="PBRMaterial.h">
      <Filter>Header Files\Resources</Filter>
    </ClInclude>
    <ClInclude Include="stdafx.h">
      <Filter>Header Files</Filter>
    </ClInclude>
    <ClInclude Include="MeshGen.h">
      <Filter>Header Files\Resources</Filter>
    </ClInclude>
    <ClInclude Include="IComponent.h">
      <Filter>Header Files\Components</Filter>
    </ClInclude>
    <ClInclude Include="BaseComponent.h">
      <Filter>Header Files\Components</Filter>
    </ClInclude>
    <ClInclude Include="ComponentManager.h">
      <Filter>Header Files\Managers</Filter>
    </ClInclude>
    <ClInclude Include="FamilyTypeID.h">
      <Filter>Header Files</Filter>
    </ClInclude>
    <ClInclude Include="SpotLight.h">
      <Filter>Header Files\Components</Filter>
    </ClInclude>
    <ClInclude Include="..\additional\imgui\imgui\imconfig.h">
      <Filter>imgui</Filter>
    </ClInclude>
    <ClInclude Include="..\additional\imgui\imgui\imgui.h">
      <Filter>imgui</Filter>
    </ClInclude>
    <ClInclude Include="..\additional\imgui\imgui\imgui_impl_dx11.h">
      <Filter>imgui</Filter>
    </ClInclude>
    <ClInclude Include="..\additional\imgui\imgui\imgui_impl_win32.h">
      <Filter>imgui</Filter>
    </ClInclude>
    <ClInclude Include="..\additional\imgui\imgui\imgui_internal.h">
      <Filter>imgui</Filter>
    </ClInclude>
    <ClInclude Include="..\additional\imgui\imgui\imstb_rectpack.h">
      <Filter>imgui</Filter>
    </ClInclude>
    <ClInclude Include="..\additional\imgui\imgui\imstb_textedit.h">
      <Filter>imgui</Filter>
    </ClInclude>
    <ClInclude Include="..\additional\imgui\imgui\imstb_truetype.h">
      <Filter>imgui</Filter>
    </ClInclude>
    <ClInclude Include="ParticleEmitter.h">
      <Filter>Header Files\Components</Filter>
    </ClInclude>
    <ClInclude Include="ParticleManager.h">
      <Filter>Header Files\Managers</Filter>
    </ClInclude>
    <ClInclude Include="Math.h">
      <Filter>Header Files</Filter>
    </ClInclude>
  </ItemGroup>
  <ItemGroup>
    <FxCompile Include="VertexShader.hlsl">
      <Filter>Shaders</Filter>
    </FxCompile>
    <FxCompile Include="PhongPShader.hlsl">
      <Filter>Shaders</Filter>
    </FxCompile>
    <FxCompile Include="PBRPShader.hlsl">
      <Filter>Shaders</Filter>
    </FxCompile>
    <FxCompile Include="SkyPS.hlsl">
      <Filter>Shaders</Filter>
    </FxCompile>
    <FxCompile Include="SkyVS.hlsl">
      <Filter>Shaders</Filter>
    </FxCompile>
    <FxCompile Include="ParticleVertexShader.hlsl">
      <Filter>Shaders\Particles</Filter>
    </FxCompile>
    <FxCompile Include="ParticlePixelShader.hlsl">
      <Filter>Shaders\Particles</Filter>
    </FxCompile>
    <FxCompile Include="PostProcessVS.hlsl">
      <Filter>Shaders</Filter>
    </FxCompile>
    <FxCompile Include="ExtractBrightPS.hlsl">
      <Filter>Shaders</Filter>
    </FxCompile>
    <FxCompile Include="GaussianBlur.hlsl">
      <Filter>Shaders</Filter>
    </FxCompile>
    <FxCompile Include="dofPS.hlsl">
      <Filter>Shaders</Filter>
    </FxCompile>
    <FxCompile Include="AdditiveBlend.hlsl">
      <Filter>Shaders</Filter>
    </FxCompile>
  </ItemGroup>
  <ItemGroup>
    <None Include="InputOutputStructs.hlsli">
      <Filter>Shaders\Shader Helpers</Filter>
    </None>
    <None Include="LightGlobals.hlsli">
      <Filter>Shaders\Shader Helpers</Filter>
    </None>
    <None Include="VertexShaderGlobals.hlsli">
      <Filter>Shaders\Shader Helpers</Filter>
    </None>
    <None Include="PShaderGlobals.hlsli">
      <Filter>Shaders\Shader Helpers</Filter>
    </None>
    <None Include="PBRShaderGlobals.hlsli">
      <Filter>Shaders\Shader Helpers</Filter>
    </None>
    <None Include="ClassDiagram.cd" />
    <None Include="packages.config" />
  </ItemGroup>
</Project>